
Microsoft Visual Studio Solution File, Format Version 12.00
# Visual Studio 2013
VisualStudioVersion = 12.0.40629.0
MinimumVisualStudioVersion = 10.0.40219.1
Project("{FAE04EC0-301F-11D3-BF4B-00C04F79EFBC}") = "Day2.HomeTask", "Day2.HomeTask\Day2.HomeTask.csproj", "{1646067E-32A3-44C8-831B-887CDB1233EE}"
EndProject
Project("{FAE04EC0-301F-11D3-BF4B-00C04F79EFBC}") = "Day2.HomeTask.FactoryPart", "Day2.HomeTask.FactoryPart\Day2.HomeTask.FactoryPart.csproj", "{66410A87-A77F-4120-9B63-AFB44FA9BF56}"
EndProject
Global
	GlobalSection(SolutionConfigurationPlatforms) = preSolution
		Debug|Any CPU = Debug|Any CPU
		Release|Any CPU = Release|Any CPU
	EndGlobalSection
	GlobalSection(ProjectConfigurationPlatforms) = postSolution
		{1646067E-32A3-44C8-831B-887CDB1233EE}.Debug|Any CPU.ActiveCfg = Debug|Any CPU
		{1646067E-32A3-44C8-831B-887CDB1233EE}.Debug|Any CPU.Build.0 = Debug|Any CPU
		{1646067E-32A3-44C8-831B-887CDB1233EE}.Release|Any CPU.ActiveCfg = Release|Any CPU
		{1646067E-32A3-44C8-831B-887CDB1233EE}.Release|Any CPU.Build.0 = Release|Any CPU
		{66410A87-A77F-4120-9B63-AFB44FA9BF56}.Debug|Any CPU.ActiveCfg = Debug|Any CPU
		{66410A87-A77F-4120-9B63-AFB44FA9BF56}.Debug|Any CPU.Build.0 = Debug|Any CPU
		{66410A87-A77F-4120-9B63-AFB44FA9BF56}.Release|Any CPU.ActiveCfg = Release|Any CPU
		{66410A87-A77F-4120-9B63-AFB44FA9BF56}.Release|Any CPU.Build.0 = Release|Any CPU
	EndGlobalSection
	GlobalSection(SolutionProperties) = preSolution
		HideSolutionNode = FALSE
	EndGlobalSection
EndGlobal
